// !$*UTF8*$!
{
	archiveVersion = 1;
	classes = {
	};
	objectVersion = 50;
	objects = {

/* Begin PBXBuildFile section */
		D515ED58248CE5F300488DD6 /* ChessboardView.framework in Frameworks */ = {isa = PBXBuildFile; fileRef = D515ED4E248CE5F300488DD6 /* ChessboardView.framework */; };
		D515ED5D248CE5F300488DD6 /* ChessboardViewTests.swift in Sources */ = {isa = PBXBuildFile; fileRef = D515ED5C248CE5F300488DD6 /* ChessboardViewTests.swift */; };
		D515ED5F248CE5F300488DD6 /* ChessboardView.h in Headers */ = {isa = PBXBuildFile; fileRef = D515ED51248CE5F300488DD6 /* ChessboardView.h */; settings = {ATTRIBUTES = (Public, ); }; };
		D515ED79248CE66300488DD6 /* UIChessboardView.swift in Sources */ = {isa = PBXBuildFile; fileRef = D515ED78248CE66300488DD6 /* UIChessboardView.swift */; };
		D515ED7B248CE8DB00488DD6 /* UIChessTile.swift in Sources */ = {isa = PBXBuildFile; fileRef = D515ED7A248CE8DB00488DD6 /* UIChessTile.swift */; };
		D515ED7D248CE92400488DD6 /* UIButtonExtensions.swift in Sources */ = {isa = PBXBuildFile; fileRef = D515ED7C248CE92400488DD6 /* UIButtonExtensions.swift */; };
		D515ED7F248CE94B00488DD6 /* TilePoint.swift in Sources */ = {isa = PBXBuildFile; fileRef = D515ED7E248CE94B00488DD6 /* TilePoint.swift */; };
		D515ED81248CEA2600488DD6 /* ColourRule.swift in Sources */ = {isa = PBXBuildFile; fileRef = D515ED80248CEA2600488DD6 /* ColourRule.swift */; };
/* End PBXBuildFile section */

/* Begin PBXContainerItemProxy section */
		D515ED59248CE5F300488DD6 /* PBXContainerItemProxy */ = {
			isa = PBXContainerItemProxy;
			containerPortal = D515ED45248CE5F300488DD6 /* Project object */;
			proxyType = 1;
			remoteGlobalIDString = D515ED4D248CE5F300488DD6;
			remoteInfo = ChessboardView;
		};
/* End PBXContainerItemProxy section */

/* Begin PBXFileReference section */
		D515ED4E248CE5F300488DD6 /* ChessboardView.framework */ = {isa = PBXFileReference; explicitFileType = wrapper.framework; includeInIndex = 0; path = ChessboardView.framework; sourceTree = BUILT_PRODUCTS_DIR; };
		D515ED51248CE5F300488DD6 /* ChessboardView.h */ = {isa = PBXFileReference; lastKnownFileType = sourcecode.c.h; path = ChessboardView.h; sourceTree = "<group>"; };
		D515ED52248CE5F300488DD6 /* Info.plist */ = {isa = PBXFileReference; lastKnownFileType = text.plist.xml; path = Info.plist; sourceTree = "<group>"; };
		D515ED57248CE5F300488DD6 /* ChessboardViewTests.xctest */ = {isa = PBXFileReference; explicitFileType = wrapper.cfbundle; includeInIndex = 0; path = ChessboardViewTests.xctest; sourceTree = BUILT_PRODUCTS_DIR; };
		D515ED5C248CE5F300488DD6 /* ChessboardViewTests.swift */ = {isa = PBXFileReference; lastKnownFileType = sourcecode.swift; path = ChessboardViewTests.swift; sourceTree = "<group>"; };
		D515ED5E248CE5F300488DD6 /* Info.plist */ = {isa = PBXFileReference; lastKnownFileType = text.plist.xml; path = Info.plist; sourceTree = "<group>"; };
		D515ED78248CE66300488DD6 /* UIChessboardView.swift */ = {isa = PBXFileReference; lastKnownFileType = sourcecode.swift; path = UIChessboardView.swift; sourceTree = "<group>"; };
		D515ED7A248CE8DB00488DD6 /* UIChessTile.swift */ = {isa = PBXFileReference; lastKnownFileType = sourcecode.swift; path = UIChessTile.swift; sourceTree = "<group>"; };
		D515ED7C248CE92400488DD6 /* UIButtonExtensions.swift */ = {isa = PBXFileReference; lastKnownFileType = sourcecode.swift; path = UIButtonExtensions.swift; sourceTree = "<group>"; };
		D515ED7E248CE94B00488DD6 /* TilePoint.swift */ = {isa = PBXFileReference; lastKnownFileType = sourcecode.swift; path = TilePoint.swift; sourceTree = "<group>"; };
		D515ED80248CEA2600488DD6 /* ColourRule.swift */ = {isa = PBXFileReference; lastKnownFileType = sourcecode.swift; path = ColourRule.swift; sourceTree = "<group>"; };
/* End PBXFileReference section */

/* Begin PBXFrameworksBuildPhase section */
		D515ED4B248CE5F300488DD6 /* Frameworks */ = {
			isa = PBXFrameworksBuildPhase;
			buildActionMask = 2147483647;
			files = (
			);
			runOnlyForDeploymentPostprocessing = 0;
		};
		D515ED54248CE5F300488DD6 /* Frameworks */ = {
			isa = PBXFrameworksBuildPhase;
			buildActionMask = 2147483647;
			files = (
				D515ED58248CE5F300488DD6 /* ChessboardView.framework in Frameworks */,
			);
			runOnlyForDeploymentPostprocessing = 0;
		};
/* End PBXFrameworksBuildPhase section */

/* Begin PBXGroup section */
		D515ED44248CE5F300488DD6 = {
			isa = PBXGroup;
			children = (
				D515ED50248CE5F300488DD6 /* ChessboardView */,
				D515ED5B248CE5F300488DD6 /* ChessboardViewTests */,
				D515ED4F248CE5F300488DD6 /* Products */,
			);
			sourceTree = "<group>";
		};
		D515ED4F248CE5F300488DD6 /* Products */ = {
			isa = PBXGroup;
			children = (
				D515ED4E248CE5F300488DD6 /* ChessboardView.framework */,
				D515ED57248CE5F300488DD6 /* ChessboardViewTests.xctest */,
			);
			name = Products;
			sourceTree = "<group>";
		};
		D515ED50248CE5F300488DD6 /* ChessboardView */ = {
			isa = PBXGroup;
			children = (
				D515ED75248CE61E00488DD6 /* Models */,
				D515ED76248CE62300488DD6 /* UIComponents */,
				D515ED77248CE63100488DD6 /* Extensions */,
				D515ED51248CE5F300488DD6 /* ChessboardView.h */,
				D515ED52248CE5F300488DD6 /* Info.plist */,
			);
			path = ChessboardView;
			sourceTree = "<group>";
		};
		D515ED5B248CE5F300488DD6 /* ChessboardViewTests */ = {
			isa = PBXGroup;
			children = (
				D515ED5C248CE5F300488DD6 /* ChessboardViewTests.swift */,
				D515ED5E248CE5F300488DD6 /* Info.plist */,
			);
			path = ChessboardViewTests;
			sourceTree = "<group>";
		};
		D515ED75248CE61E00488DD6 /* Models */ = {
			isa = PBXGroup;
			children = (
				D515ED7E248CE94B00488DD6 /* TilePoint.swift */,
				D515ED80248CEA2600488DD6 /* ColourRule.swift */,
			);
			path = Models;
			sourceTree = "<group>";
		};
		D515ED76248CE62300488DD6 /* UIComponents */ = {
			isa = PBXGroup;
			children = (
				D515ED78248CE66300488DD6 /* UIChessboardView.swift */,
				D515ED7A248CE8DB00488DD6 /* UIChessTile.swift */,
			);
			path = UIComponents;
			sourceTree = "<group>";
		};
		D515ED77248CE63100488DD6 /* Extensions */ = {
			isa = PBXGroup;
			children = (
				D515ED7C248CE92400488DD6 /* UIButtonExtensions.swift */,
			);
			path = Extensions;
			sourceTree = "<group>";
		};
/* End PBXGroup section */

/* Begin PBXHeadersBuildPhase section */
		D515ED49248CE5F300488DD6 /* Headers */ = {
			isa = PBXHeadersBuildPhase;
			buildActionMask = 2147483647;
			files = (
				D515ED5F248CE5F300488DD6 /* ChessboardView.h in Headers */,
			);
			runOnlyForDeploymentPostprocessing = 0;
		};
/* End PBXHeadersBuildPhase section */

/* Begin PBXNativeTarget section */
		D515ED4D248CE5F300488DD6 /* ChessboardView */ = {
			isa = PBXNativeTarget;
			buildConfigurationList = D515ED62248CE5F300488DD6 /* Build configuration list for PBXNativeTarget "ChessboardView" */;
			buildPhases = (
				D515ED49248CE5F300488DD6 /* Headers */,
				D515ED4A248CE5F300488DD6 /* Sources */,
				D515ED4B248CE5F300488DD6 /* Frameworks */,
				D515ED4C248CE5F300488DD6 /* Resources */,
			);
			buildRules = (
			);
			dependencies = (
			);
			name = ChessboardView;
			productName = ChessboardView;
			productReference = D515ED4E248CE5F300488DD6 /* ChessboardView.framework */;
			productType = "com.apple.product-type.framework";
		};
		D515ED56248CE5F300488DD6 /* ChessboardViewTests */ = {
			isa = PBXNativeTarget;
			buildConfigurationList = D515ED65248CE5F300488DD6 /* Build configuration list for PBXNativeTarget "ChessboardViewTests" */;
			buildPhases = (
				D515ED53248CE5F300488DD6 /* Sources */,
				D515ED54248CE5F300488DD6 /* Frameworks */,
				D515ED55248CE5F300488DD6 /* Resources */,
			);
			buildRules = (
			);
			dependencies = (
				D515ED5A248CE5F300488DD6 /* PBXTargetDependency */,
			);
			name = ChessboardViewTests;
			productName = ChessboardViewTests;
			productReference = D515ED57248CE5F300488DD6 /* ChessboardViewTests.xctest */;
			productType = "com.apple.product-type.bundle.unit-test";
		};
/* End PBXNativeTarget section */

/* Begin PBXProject section */
		D515ED45248CE5F300488DD6 /* Project object */ = {
			isa = PBXProject;
			attributes = {
				LastSwiftUpdateCheck = 1150;
				LastUpgradeCheck = 1150;
				ORGANIZATIONNAME = VA;
				TargetAttributes = {
					D515ED4D248CE5F300488DD6 = {
						CreatedOnToolsVersion = 11.5;
						LastSwiftMigration = 1150;
					};
					D515ED56248CE5F300488DD6 = {
						CreatedOnToolsVersion = 11.5;
					};
				};
			};
			buildConfigurationList = D515ED48248CE5F300488DD6 /* Build configuration list for PBXProject "ChessboardView" */;
			compatibilityVersion = "Xcode 9.3";
			developmentRegion = en;
			hasScannedForEncodings = 0;
			knownRegions = (
				en,
				Base,
			);
			mainGroup = D515ED44248CE5F300488DD6;
			productRefGroup = D515ED4F248CE5F300488DD6 /* Products */;
			projectDirPath = "";
			projectRoot = "";
			targets = (
				D515ED4D248CE5F300488DD6 /* ChessboardView */,
				D515ED56248CE5F300488DD6 /* ChessboardViewTests */,
			);
		};
/* End PBXProject section */

/* Begin PBXResourcesBuildPhase section */
		D515ED4C248CE5F300488DD6 /* Resources */ = {
			isa = PBXResourcesBuildPhase;
			buildActionMask = 2147483647;
			files = (
			);
			runOnlyForDeploymentPostprocessing = 0;
		};
		D515ED55248CE5F300488DD6 /* Resources */ = {
			isa = PBXResourcesBuildPhase;
			buildActionMask = 2147483647;
			files = (
			);
			runOnlyForDeploymentPostprocessing = 0;
		};
/* End PBXResourcesBuildPhase section */

/* Begin PBXSourcesBuildPhase section */
		D515ED4A248CE5F300488DD6 /* Sources */ = {
			isa = PBXSourcesBuildPhase;
			buildActionMask = 2147483647;
			files = (
				D515ED7D248CE92400488DD6 /* UIButtonExtensions.swift in Sources */,
				D515ED7B248CE8DB00488DD6 /* UIChessTile.swift in Sources */,
				D515ED7F248CE94B00488DD6 /* TilePoint.swift in Sources */,
				D515ED79248CE66300488DD6 /* UIChessboardView.swift in Sources */,
				D515ED81248CEA2600488DD6 /* ColourRule.swift in Sources */,
			);
			runOnlyForDeploymentPostprocessing = 0;
		};
		D515ED53248CE5F300488DD6 /* Sources */ = {
			isa = PBXSourcesBuildPhase;
			buildActionMask = 2147483647;
			files = (
				D515ED5D248CE5F300488DD6 /* ChessboardViewTests.swift in Sources */,
			);
			runOnlyForDeploymentPostprocessing = 0;
		};
/* End PBXSourcesBuildPhase section */

/* Begin PBXTargetDependency section */
		D515ED5A248CE5F300488DD6 /* PBXTargetDependency */ = {
			isa = PBXTargetDependency;
			target = D515ED4D248CE5F300488DD6 /* ChessboardView */;
			targetProxy = D515ED59248CE5F300488DD6 /* PBXContainerItemProxy */;
		};
/* End PBXTargetDependency section */

/* Begin XCBuildConfiguration section */
		D515ED60248CE5F300488DD6 /* Debug */ = {
			isa = XCBuildConfiguration;
			buildSettings = {
				ALWAYS_SEARCH_USER_PATHS = NO;
				CLANG_ANALYZER_NONNULL = YES;
				CLANG_ANALYZER_NUMBER_OBJECT_CONVERSION = YES_AGGRESSIVE;
				CLANG_CXX_LANGUAGE_STANDARD = "gnu++14";
				CLANG_CXX_LIBRARY = "libc++";
				CLANG_ENABLE_MODULES = YES;
				CLANG_ENABLE_OBJC_ARC = YES;
				CLANG_ENABLE_OBJC_WEAK = YES;
				CLANG_WARN_BLOCK_CAPTURE_AUTORELEASING = YES;
				CLANG_WARN_BOOL_CONVERSION = YES;
				CLANG_WARN_COMMA = YES;
				CLANG_WARN_CONSTANT_CONVERSION = YES;
				CLANG_WARN_DEPRECATED_OBJC_IMPLEMENTATIONS = YES;
				CLANG_WARN_DIRECT_OBJC_ISA_USAGE = YES_ERROR;
				CLANG_WARN_DOCUMENTATION_COMMENTS = YES;
				CLANG_WARN_EMPTY_BODY = YES;
				CLANG_WARN_ENUM_CONVERSION = YES;
				CLANG_WARN_INFINITE_RECURSION = YES;
				CLANG_WARN_INT_CONVERSION = YES;
				CLANG_WARN_NON_LITERAL_NULL_CONVERSION = YES;
				CLANG_WARN_OBJC_IMPLICIT_RETAIN_SELF = YES;
				CLANG_WARN_OBJC_LITERAL_CONVERSION = YES;
				CLANG_WARN_OBJC_ROOT_CLASS = YES_ERROR;
				CLANG_WARN_RANGE_LOOP_ANALYSIS = YES;
				CLANG_WARN_STRICT_PROTOTYPES = YES;
				CLANG_WARN_SUSPICIOUS_MOVE = YES;
				CLANG_WARN_UNGUARDED_AVAILABILITY = YES_AGGRESSIVE;
				CLANG_WARN_UNREACHABLE_CODE = YES;
				CLANG_WARN__DUPLICATE_METHOD_MATCH = YES;
				COPY_PHASE_STRIP = NO;
				CURRENT_PROJECT_VERSION = 1;
				DEBUG_INFORMATION_FORMAT = dwarf;
				ENABLE_STRICT_OBJC_MSGSEND = YES;
				ENABLE_TESTABILITY = YES;
				GCC_C_LANGUAGE_STANDARD = gnu11;
				GCC_DYNAMIC_NO_PIC = NO;
				GCC_NO_COMMON_BLOCKS = YES;
				GCC_OPTIMIZATION_LEVEL = 0;
				GCC_PREPROCESSOR_DEFINITIONS = (
					"DEBUG=1",
					"$(inherited)",
				);
				GCC_WARN_64_TO_32_BIT_CONVERSION = YES;
				GCC_WARN_ABOUT_RETURN_TYPE = YES_ERROR;
				GCC_WARN_UNDECLARED_SELECTOR = YES;
				GCC_WARN_UNINITIALIZED_AUTOS = YES_AGGRESSIVE;
				GCC_WARN_UNUSED_FUNCTION = YES;
				GCC_WARN_UNUSED_VARIABLE = YES;
				IPHONEOS_DEPLOYMENT_TARGET = 13.5;
				MTL_ENABLE_DEBUG_INFO = INCLUDE_SOURCE;
				MTL_FAST_MATH = YES;
				ONLY_ACTIVE_ARCH = YES;
				SDKROOT = iphoneos;
				SWIFT_ACTIVE_COMPILATION_CONDITIONS = DEBUG;
				SWIFT_OPTIMIZATION_LEVEL = "-Onone";
				VERSIONING_SYSTEM = "apple-generic";
				VERSION_INFO_PREFIX = "";
			};
			name = Debug;
		};
		D515ED61248CE5F300488DD6 /* Release */ = {
			isa = XCBuildConfiguration;
			buildSettings = {
				ALWAYS_SEARCH_USER_PATHS = NO;
				CLANG_ANALYZER_NONNULL = YES;
				CLANG_ANALYZER_NUMBER_OBJECT_CONVERSION = YES_AGGRESSIVE;
				CLANG_CXX_LANGUAGE_STANDARD = "gnu++14";
				CLANG_CXX_LIBRARY = "libc++";
				CLANG_ENABLE_MODULES = YES;
				CLANG_ENABLE_OBJC_ARC = YES;
				CLANG_ENABLE_OBJC_WEAK = YES;
				CLANG_WARN_BLOCK_CAPTURE_AUTORELEASING = YES;
				CLANG_WARN_BOOL_CONVERSION = YES;
				CLANG_WARN_COMMA = YES;
				CLANG_WARN_CONSTANT_CONVERSION = YES;
				CLANG_WARN_DEPRECATED_OBJC_IMPLEMENTATIONS = YES;
				CLANG_WARN_DIRECT_OBJC_ISA_USAGE = YES_ERROR;
				CLANG_WARN_DOCUMENTATION_COMMENTS = YES;
				CLANG_WARN_EMPTY_BODY = YES;
				CLANG_WARN_ENUM_CONVERSION = YES;
				CLANG_WARN_INFINITE_RECURSION = YES;
				CLANG_WARN_INT_CONVERSION = YES;
				CLANG_WARN_NON_LITERAL_NULL_CONVERSION = YES;
				CLANG_WARN_OBJC_IMPLICIT_RETAIN_SELF = YES;
				CLANG_WARN_OBJC_LITERAL_CONVERSION = YES;
				CLANG_WARN_OBJC_ROOT_CLASS = YES_ERROR;
				CLANG_WARN_RANGE_LOOP_ANALYSIS = YES;
				CLANG_WARN_STRICT_PROTOTYPES = YES;
				CLANG_WARN_SUSPICIOUS_MOVE = YES;
				CLANG_WARN_UNGUARDED_AVAILABILITY = YES_AGGRESSIVE;
				CLANG_WARN_UNREACHABLE_CODE = YES;
				CLANG_WARN__DUPLICATE_METHOD_MATCH = YES;
				COPY_PHASE_STRIP = NO;
				CURRENT_PROJECT_VERSION = 1;
				DEBUG_INFORMATION_FORMAT = "dwarf-with-dsym";
				ENABLE_NS_ASSERTIONS = NO;
				ENABLE_STRICT_OBJC_MSGSEND = YES;
				GCC_C_LANGUAGE_STANDARD = gnu11;
				GCC_NO_COMMON_BLOCKS = YES;
				GCC_WARN_64_TO_32_BIT_CONVERSION = YES;
				GCC_WARN_ABOUT_RETURN_TYPE = YES_ERROR;
				GCC_WARN_UNDECLARED_SELECTOR = YES;
				GCC_WARN_UNINITIALIZED_AUTOS = YES_AGGRESSIVE;
				GCC_WARN_UNUSED_FUNCTION = YES;
				GCC_WARN_UNUSED_VARIABLE = YES;
				IPHONEOS_DEPLOYMENT_TARGET = 13.5;
				MTL_ENABLE_DEBUG_INFO = NO;
				MTL_FAST_MATH = YES;
				SDKROOT = iphoneos;
				SWIFT_COMPILATION_MODE = wholemodule;
				SWIFT_OPTIMIZATION_LEVEL = "-O";
				VALIDATE_PRODUCT = YES;
				VERSIONING_SYSTEM = "apple-generic";
				VERSION_INFO_PREFIX = "";
			};
			name = Release;
		};
		D515ED63248CE5F300488DD6 /* Debug */ = {
			isa = XCBuildConfiguration;
			buildSettings = {
				CLANG_ENABLE_MODULES = YES;
				CODE_SIGN_STYLE = Automatic;
				DEFINES_MODULE = YES;
				DYLIB_COMPATIBILITY_VERSION = 1;
				DYLIB_CURRENT_VERSION = 1;
				DYLIB_INSTALL_NAME_BASE = "@rpath";
				INFOPLIST_FILE = ChessboardView/Info.plist;
				INSTALL_PATH = "$(LOCAL_LIBRARY_DIR)/Frameworks";
				IPHONEOS_DEPLOYMENT_TARGET = 12.0;
				LD_RUNPATH_SEARCH_PATHS = (
					"$(inherited)",
					"@executable_path/Frameworks",
					"@loader_path/Frameworks",
				);
				PRODUCT_BUNDLE_IDENTIFIER = com.VA.ChessboardView;
				PRODUCT_NAME = "$(TARGET_NAME:c99extidentifier)";
				SKIP_INSTALL = YES;
				SWIFT_OPTIMIZATION_LEVEL = "-Onone";
				SWIFT_VERSION = 5.0;
				TARGETED_DEVICE_FAMILY = "1,2";
			};
			name = Debug;
		};
		D515ED64248CE5F300488DD6 /* Release */ = {
			isa = XCBuildConfiguration;
			buildSettings = {
				CLANG_ENABLE_MODULES = YES;
				CODE_SIGN_STYLE = Automatic;
				DEFINES_MODULE = YES;
				DYLIB_COMPATIBILITY_VERSION = 1;
				DYLIB_CURRENT_VERSION = 1;
				DYLIB_INSTALL_NAME_BASE = "@rpath";
				INFOPLIST_FILE = ChessboardView/Info.plist;
				INSTALL_PATH = "$(LOCAL_LIBRARY_DIR)/Frameworks";
				IPHONEOS_DEPLOYMENT_TARGET = 12.0;
				LD_RUNPATH_SEARCH_PATHS = (
					"$(inherited)",
					"@executable_path/Frameworks",
					"@loader_path/Frameworks",
				);
				PRODUCT_BUNDLE_IDENTIFIER = com.VA.ChessboardView;
				PRODUCT_NAME = "$(TARGET_NAME:c99extidentifier)";
				SKIP_INSTALL = YES;
				SWIFT_VERSION = 5.0;
				TARGETED_DEVICE_FAMILY = "1,2";
			};
			name = Release;
		};
		D515ED66248CE5F300488DD6 /* Debug */ = {
			isa = XCBuildConfiguration;
			buildSettings = {
				ALWAYS_EMBED_SWIFT_STANDARD_LIBRARIES = YES;
				CODE_SIGN_STYLE = Automatic;
				INFOPLIST_FILE = ChessboardViewTests/Info.plist;
				LD_RUNPATH_SEARCH_PATHS = (
					"$(inherited)",
					"@executable_path/Frameworks",
					"@loader_path/Frameworks",
				);
				PRODUCT_BUNDLE_IDENTIFIER = com.VA.ChessboardViewTests;
				PRODUCT_NAME = "$(TARGET_NAME)";
				SWIFT_VERSION = 5.0;
				TARGETED_DEVICE_FAMILY = "1,2";
			};
			name = Debug;
		};
		D515ED67248CE5F300488DD6 /* Release */ = {
			isa = XCBuildConfiguration;
			buildSettings = {
				ALWAYS_EMBED_SWIFT_STANDARD_LIBRARIES = YES;
				CODE_SIGN_STYLE = Automatic;
				INFOPLIST_FILE = ChessboardViewTests/Info.plist;
				LD_RUNPATH_SEARCH_PATHS = (
					"$(inherited)",
					"@executable_path/Frameworks",
					"@loader_path/Frameworks",
				);
				PRODUCT_BUNDLE_IDENTIFIER = com.VA.ChessboardViewTests;
				PRODUCT_NAME = "$(TARGET_NAME)";
				SWIFT_VERSION = 5.0;
				TARGETED_DEVICE_FAMILY = "1,2";
			};
			name = Release;
		};
/* End XCBuildConfiguration section */

/* Begin XCConfigurationList section */
		D515ED48248CE5F300488DD6 /* Build configuration list for PBXProject "ChessboardView" */ = {
			isa = XCConfigurationList;
			buildConfigurations = (
				D515ED60248CE5F300488DD6 /* Debug */,
				D515ED61248CE5F300488DD6 /* Release */,
			);
			defaultConfigurationIsVisible = 0;
			defaultConfigurationName = Release;
		};
		D515ED62248CE5F300488DD6 /* Build configuration list for PBXNativeTarget "ChessboardView" */ = {
			isa = XCConfigurationList;
			buildConfigurations = (
				D515ED63248CE5F300488DD6 /* Debug */,
				D515ED64248CE5F300488DD6 /* Release */,
			);
			defaultConfigurationIsVisible = 0;
			defaultConfigurationName = Release;
		};
		D515ED65248CE5F300488DD6 /* Build configuration list for PBXNativeTarget "ChessboardViewTests" */ = {
			isa = XCConfigurationList;
			buildConfigurations = (
				D515ED66248CE5F300488DD6 /* Debug */,
				D515ED67248CE5F300488DD6 /* Release */,
			);
			defaultConfigurationIsVisible = 0;
			defaultConfigurationName = Release;
		};
/* End XCConfigurationList section */
	};
	rootObject = D515ED45248CE5F300488DD6 /* Project object */;
}
